// !$*UTF8*$!
{
	archiveVersion = 1;
	classes = {
	};
	objectVersion = 46;
	objects = {

/* Begin PBXBuildFile section */
		BC7F63571BFA9F9A009193FC /* AppDelegate.swift in Sources */ = {isa = PBXBuildFile; fileRef = BC7F63561BFA9F9A009193FC /* AppDelegate.swift */; };
		BC7F63591BFA9F9A009193FC /* ViewController.swift in Sources */ = {isa = PBXBuildFile; fileRef = BC7F63581BFA9F9A009193FC /* ViewController.swift */; };
		BC7F635C1BFA9F9A009193FC /* Main.storyboard in Resources */ = {isa = PBXBuildFile; fileRef = BC7F635A1BFA9F9A009193FC /* Main.storyboard */; };
		BC7F635E1BFA9F9A009193FC /* Assets.xcassets in Resources */ = {isa = PBXBuildFile; fileRef = BC7F635D1BFA9F9A009193FC /* Assets.xcassets */; };
		BC7F63611BFA9F9A009193FC /* LaunchScreen.storyboard in Resources */ = {isa = PBXBuildFile; fileRef = BC7F635F1BFA9F9A009193FC /* LaunchScreen.storyboard */; };
/* End PBXBuildFile section */

/* Begin PBXFileReference section */
		BC7F63531BFA9F9A009193FC /* Top5Subreddit.app */ = {isa = PBXFileReference; explicitFileType = wrapper.application; includeInIndex = 0; path = Top5Subreddit.app; sourceTree = BUILT_PRODUCTS_DIR; };
		BC7F63561BFA9F9A009193FC /* AppDelegate.swift */ = {isa = PBXFileReference; lastKnownFileType = sourcecode.swift; path = AppDelegate.swift; sourceTree = "<group>"; };
		BC7F63581BFA9F9A009193FC /* ViewController.swift */ = {isa = PBXFileReference; lastKnownFileType = sourcecode.swift; path = ViewController.swift; sourceTree = "<group>"; };
		BC7F635B1BFA9F9A009193FC /* Base */ = {isa = PBXFileReference; lastKnownFileType = file.storyboard; name = Base; path = Base.lproj/Main.storyboard; sourceTree = "<group>"; };
		BC7F635D1BFA9F9A009193FC /* Assets.xcassets */ = {isa = PBXFileReference; lastKnownFileType = folder.assetcatalog; path = Assets.xcassets; sourceTree = "<group>"; };
		BC7F63601BFA9F9A009193FC /* Base */ = {isa = PBXFileReference; lastKnownFileType = file.storyboard; name = Base; path = Base.lproj/LaunchScreen.storyboard; sourceTree = "<group>"; };
		BC7F63621BFA9F9A009193FC /* Info.plist */ = {isa = PBXFileReference; lastKnownFileType = text.plist.xml; path = Info.plist; sourceTree = "<group>"; };
/* End PBXFileReference section */

/* Begin PBXFrameworksBuildPhase section */
		BC7F63501BFA9F99009193FC /* Frameworks */ = {
			isa = PBXFrameworksBuildPhase;
			buildActionMask = 2147483647;
			files = (
			);
			runOnlyForDeploymentPostprocessing = 0;
		};
/* End PBXFrameworksBuildPhase section */

/* Begin PBXGroup section */
		BC7F634A1BFA9F99009193FC = {
			isa = PBXGroup;
			children = (
				BC7F63551BFA9F9A009193FC /* Top5Subreddit */,
				BC7F63541BFA9F9A009193FC /* Products */,
			);
			sourceTree = "<group>";
		};
		BC7F63541BFA9F9A009193FC /* Products */ = {
			isa = PBXGroup;
			children = (
				BC7F63531BFA9F9A009193FC /* Top5Subreddit.app */,
			);
			name = Products;
			sourceTree = "<group>";
		};
		BC7F63551BFA9F9A009193FC /* Top5Subreddit */ = {
			isa = PBXGroup;
			children = (
				BC7F63561BFA9F9A009193FC /* AppDelegate.swift */,
				BC7F63581BFA9F9A009193FC /* ViewController.swift */,
				BC7F635A1BFA9F9A009193FC /* Main.storyboard */,
				BC7F635D1BFA9F9A009193FC /* Assets.xcassets */,
				BC7F635F1BFA9F9A009193FC /* LaunchScreen.storyboard */,
				BC7F63621BFA9F9A009193FC /* Info.plist */,
			);
			path = Top5Subreddit;
			sourceTree = "<group>";
		};
/* End PBXGroup section */

/* Begin PBXNativeTarget section */
		BC7F63521BFA9F99009193FC /* Top5Subreddit */ = {
			isa = PBXNativeTarget;
			buildConfigurationList = BC7F63651BFA9F9A009193FC /* Build configuration list for PBXNativeTarget "Top5Subreddit" */;
			buildPhases = (
				BC7F634F1BFA9F99009193FC /* Sources */,
				BC7F63501BFA9F99009193FC /* Frameworks */,
				BC7F63511BFA9F99009193FC /* Resources */,
			);
			buildRules = (
			);
			dependencies = (
			);
			name = Top5Subreddit;
			productName = Top5Subreddit;
			productReference = BC7F63531BFA9F9A009193FC /* Top5Subreddit.app */;
			productType = "com.apple.product-type.application";
		};
/* End PBXNativeTarget section */

/* Begin PBXProject section */
		BC7F634B1BFA9F99009193FC /* Project object */ = {
			isa = PBXProject;
			attributes = {
				LastSwiftUpdateCheck = 0710;
				LastUpgradeCheck = 0710;
				ORGANIZATIONNAME = "RAYVEN Creatives";
				TargetAttributes = {
					BC7F63521BFA9F99009193FC = {
						CreatedOnToolsVersion = 7.1.1;
					};
				};
			};
			buildConfigurationList = BC7F634E1BFA9F99009193FC /* Build configuration list for PBXProject "Top5Subreddit" */;
			compatibilityVersion = "Xcode 3.2";
			developmentRegion = English;
			hasScannedForEncodings = 0;
			knownRegions = (
				en,
				Base,
			);
			mainGroup = BC7F634A1BFA9F99009193FC;
			productRefGroup = BC7F63541BFA9F9A009193FC /* Products */;
			projectDirPath = "";
			projectRoot = "";
			targets = (
				BC7F63521BFA9F99009193FC /* Top5Subreddit */,
			);
		};
/* End PBXProject section */

/* Begin PBXResourcesBuildPhase section */
		BC7F63511BFA9F99009193FC /* Resources */ = {
			isa = PBXResourcesBuildPhase;
			buildActionMask = 2147483647;
			files = (
				BC7F63611BFA9F9A009193FC /* LaunchScreen.storyboard in Resources */,
				BC7F635E1BFA9F9A009193FC /* Assets.xcassets in Resources */,
				BC7F635C1BFA9F9A009193FC /* Main.storyboard in Resources */,
			);
			runOnlyForDeploymentPostprocessing = 0;
		};
/* End PBXResourcesBuildPhase section */

/* Begin PBXSourcesBuildPhase section */
		BC7F634F1BFA9F99009193FC /* Sources */ = {
			isa = PBXSourcesBuildPhase;
			buildActionMask = 2147483647;
			files = (
				BC7F63591BFA9F9A009193FC /* ViewController.swift in Sources */,
				BC7F63571BFA9F9A009193FC /* AppDelegate.swift in Sources */,
			);
			runOnlyForDeploymentPostprocessing = 0;
		};
/* End PBXSourcesBuildPhase section */

/* Begin PBXVariantGroup section */
		BC7F635A1BFA9F9A009193FC /* Main.storyboard */ = {
			isa = PBXVariantGroup;
			children = (
				BC7F635B1BFA9F9A009193FC /* Base */,
			);
			name = Main.storyboard;
			sourceTree = "<group>";
		};
		BC7F635F1BFA9F9A009193FC /* LaunchScreen.storyboard */ = {
			isa = PBXVariantGroup;
			children = (
				BC7F63601BFA9F9A009193FC /* Base */,
			);
			name = LaunchScreen.storyboard;
			sourceTree = "<group>";
		};
/* End PBXVariantGroup section */

/* Begin XCBuildConfiguration section */
		BC7F63631BFA9F9A009193FC /* Debug */ = {
			isa = XCBuildConfiguration;
			buildSettings = {
				ALWAYS_SEARCH_USER_PATHS = NO;
				CLANG_CXX_LANGUAGE_STANDARD = "gnu++0x";
				CLANG_CXX_LIBRARY = "libc++";
				CLANG_ENABLE_MODULES = YES;
				CLANG_ENABLE_OBJC_ARC = YES;
				CLANG_WARN_BOOL_CONVERSION = YES;
				CLANG_WARN_CONSTANT_CONVERSION = YES;
				CLANG_WARN_DIRECT_OBJC_ISA_USAGE = YES_ERROR;
				CLANG_WARN_EMPTY_BODY = YES;
				CLANG_WARN_ENUM_CONVERSION = YES;
				CLANG_WARN_INT_CONVERSION = YES;
				CLANG_WARN_OBJC_ROOT_CLASS = YES_ERROR;
				CLANG_WARN_UNREACHABLE_CODE = YES;
				CLANG_WARN__DUPLICATE_METHOD_MATCH = YES;
				"CODE_SIGN_IDENTITY[sdk=iphoneos*]" = "iPhone Developer";
				COPY_PHASE_STRIP = NO;
				DEBUG_INFORMATION_FORMAT = dwarf;
				ENABLE_STRICT_OBJC_MSGSEND = YES;
				ENABLE_TESTABILITY = YES;
				GCC_C_LANGUAGE_STANDARD = gnu99;
				GCC_DYNAMIC_NO_PIC = NO;
				GCC_NO_COMMON_BLOCKS = YES;
				GCC_OPTIMIZATION_LEVEL = 0;
				GCC_PREPROCESSOR_DEFINITIONS = (
					"DEBUG=1",
					"$(inherited)",
				);
				GCC_WARN_64_TO_32_BIT_CONVERSION = YES;
				GCC_WARN_ABOUT_RETURN_TYPE = YES_ERROR;
				GCC_WARN_UNDECLARED_SELECTOR = YES;
				GCC_WARN_UNINITIALIZED_AUTOS = YES_AGGRESSIVE;
				GCC_WARN_UNUSED_FUNCTION = YES;
				GCC_WARN_UNUSED_VARIABLE = YES;
				IPHONEOS_DEPLOYMENT_TARGET = 9.1;
				MTL_ENABLE_DEBUG_INFO = YES;
				ONLY_ACTIVE_ARCH = YES;
				SDKROOT = iphoneos;
				SWIFT_OPTIMIZATION_LEVEL = "-Onone";
				TARGETED_DEVICE_FAMILY = "1,2";
			};
			name = Debug;
		};
		BC7F63641BFA9F9A009193FC /* Release */ = {
			isa = XCBuildConfiguration;
			buildSettings = {
				ALWAYS_SEARCH_USER_PATHS = NO;
				CLANG_CXX_LANGUAGE_STANDARD = "gnu++0x";
				CLANG_CXX_LIBRARY = "libc++";
				CLANG_ENABLE_MODULES = YES;
				CLANG_ENABLE_OBJC_ARC = YES;
				CLANG_WARN_BOOL_CONVERSION = YES;
				CLANG_WARN_CONSTANT_CONVERSION = YES;
				CLANG_WARN_DIRECT_OBJC_ISA_USAGE = YES_ERROR;
				CLANG_WARN_EMPTY_BODY = YES;
				CLANG_WARN_ENUM_CONVERSION = YES;
				CLANG_WARN_INT_CONVERSION = YES;
				CLANG_WARN_OBJC_ROOT_CLASS = YES_ERROR;
				CLANG_WARN_UNREACHABLE_CODE = YES;
				CLANG_WARN__DUPLICATE_METHOD_MATCH = YES;
				"CODE_SIGN_IDENTITY[sdk=iphoneos*]" = "iPhone Developer";
				COPY_PHASE_STRIP = NO;
				DEBUG_INFORMATION_FORMAT = "dwarf-with-dsym";
				ENABLE_NS_ASSERTIONS = NO;
				ENABLE_STRICT_OBJC_MSGSEND = YES;
				GCC_C_LANGUAGE_STANDARD = gnu99;
				GCC_NO_COMMON_BLOCKS = YES;
				GCC_WARN_64_TO_32_BIT_CONVERSION = YES;
				GCC_WARN_ABOUT_RETURN_TYPE = YES_ERROR;
				GCC_WARN_UNDECLARED_SELECTOR = YES;
				GCC_WARN_UNINITIALIZED_AUTOS = YES_AGGRESSIVE;
				GCC_WARN_UNUSED_FUNCTION = YES;
				GCC_WARN_UNUSED_VARIABLE = YES;
				IPHONEOS_DEPLOYMENT_TARGET = 9.1;
				MTL_ENABLE_DEBUG_INFO = NO;
				SDKROOT = iphoneos;
				TARGETED_DEVICE_FAMILY = "1,2";
				VALIDATE_PRODUCT = YES;
			};
			name = Release;
		};
		BC7F63661BFA9F9A009193FC /* Debug */ = {
			isa = XCBuildConfiguration;
			buildSettings = {
				ASSETCATALOG_COMPILER_APPICON_NAME = AppIcon;
				INFOPLIST_FILE = Top5Subreddit/Info.plist;
				LD_RUNPATH_SEARCH_PATHS = "$(inherited) @executable_path/Frameworks";
				PRODUCT_BUNDLE_IDENTIFIER = com.rayvencreatives.Top5Subreddit;
				PRODUCT_NAME = "$(TARGET_NAME)";
			};
			name = Debug;
		};
		BC7F63671BFA9F9A009193FC /* Release */ = {
			isa = XCBuildConfiguration;
			buildSettings = {
				ASSETCATALOG_COMPILER_APPICON_NAME = AppIcon;
				INFOPLIST_FILE = Top5Subreddit/Info.plist;
				LD_RUNPATH_SEARCH_PATHS = "$(inherited) @executable_path/Frameworks";
				PRODUCT_BUNDLE_IDENTIFIER = com.rayvencreatives.Top5Subreddit;
				PRODUCT_NAME = "$(TARGET_NAME)";
			};
			name = Release;
		};
/* End XCBuildConfiguration section */

/* Begin XCConfigurationList section */
		BC7F634E1BFA9F99009193FC /* Build configuration list for PBXProject "Top5Subreddit" */ = {
			isa = XCConfigurationList;
			buildConfigurations = (
				BC7F63631BFA9F9A009193FC /* Debug */,
				BC7F63641BFA9F9A009193FC /* Release */,
			);
			defaultConfigurationIsVisible = 0;
			defaultConfigurationName = Release;
		};
		BC7F63651BFA9F9A009193FC /* Build configuration list for PBXNativeTarget "Top5Subreddit" */ = {
			isa = XCConfigurationList;
			buildConfigurations = (
				BC7F63661BFA9F9A009193FC /* Debug */,
				BC7F63671BFA9F9A009193FC /* Release */,
			);
			defaultConfigurationIsVisible = 0;
		};
/* End XCConfigurationList section */
	};
	rootObject = BC7F634B1BFA9F99009193FC /* Project object */;
}
